
Microsoft Visual Studio Solution File, Format Version 12.00
# Visual Studio Version 17
VisualStudioVersion = 17.10.35013.160
MinimumVisualStudioVersion = 10.0.40219.1
Project("{FAE04EC0-301F-11D3-BF4B-00C04F79EFBC}") = "SortCities", "SortCities\SortCities.csproj", "{FEF42636-119C-46E9-A021-C7B26199A39A}"
EndProject
Global
	GlobalSection(SolutionConfigurationPlatforms) = preSolution
		Debug|Any CPU = Debug|Any CPU
		Release|Any CPU = Release|Any CPU
	EndGlobalSection
	GlobalSection(ProjectConfigurationPlatforms) = postSolution
		{FEF42636-119C-46E9-A021-C7B26199A39A}.Debug|Any CPU.ActiveCfg = Debug|Any CPU
		{FEF42636-119C-46E9-A021-C7B26199A39A}.Debug|Any CPU.Build.0 = Debug|Any CPU
		{FEF42636-119C-46E9-A021-C7B26199A39A}.Release|Any CPU.ActiveCfg = Release|Any CPU
		{FEF42636-119C-46E9-A021-C7B26199A39A}.Release|Any CPU.Build.0 = Release|Any CPU
	EndGlobalSection
	GlobalSection(SolutionProperties) = preSolution
		HideSolutionNode = FALSE
	EndGlobalSection
	GlobalSection(ExtensibilityGlobals) = postSolution
		SolutionGuid = {A8ADFD2E-C702-4911-A842-57CD1EE31214}
	EndGlobalSection
EndGlobal
