
Microsoft Visual Studio Solution File, Format Version 12.00
# Visual Studio Version 17
VisualStudioVersion = 17.10.35013.160
MinimumVisualStudioVersion = 10.0.40219.1
Project("{FAE04EC0-301F-11D3-BF4B-00C04F79EFBC}") = "WebApplication2", "WebApplication2\WebApplication2.csproj", "{997700BD-FC4F-4080-8DEC-17173B06DC4B}"
EndProject
Global
	GlobalSection(SolutionConfigurationPlatforms) = preSolution
		Debug|Any CPU = Debug|Any CPU
		Release|Any CPU = Release|Any CPU
	EndGlobalSection
	GlobalSection(ProjectConfigurationPlatforms) = postSolution
		{997700BD-FC4F-4080-8DEC-17173B06DC4B}.Debug|Any CPU.ActiveCfg = Debug|Any CPU
		{997700BD-FC4F-4080-8DEC-17173B06DC4B}.Debug|Any CPU.Build.0 = Debug|Any CPU
		{997700BD-FC4F-4080-8DEC-17173B06DC4B}.Release|Any CPU.ActiveCfg = Release|Any CPU
		{997700BD-FC4F-4080-8DEC-17173B06DC4B}.Release|Any CPU.Build.0 = Release|Any CPU
	EndGlobalSection
	GlobalSection(SolutionProperties) = preSolution
		HideSolutionNode = FALSE
	EndGlobalSection
	GlobalSection(ExtensibilityGlobals) = postSolution
		SolutionGuid = {1AE83D80-5B79-4A8B-B61B-9F038DCD1347}
	EndGlobalSection
EndGlobal
